// !$*UTF8*$!
{
	archiveVersion = 1;
	classes = {
	};
	objectVersion = 50;
	objects = {

/* Begin PBXBuildFile section */
		7633D84221F8762600EB9803 /* NetworkManager.m in Sources */ = {isa = PBXBuildFile; fileRef = 7633D84121F8762600EB9803 /* NetworkManager.m */; };
		E8072D6721F770040036C28C /* AppDelegate.m in Sources */ = {isa = PBXBuildFile; fileRef = E8072D6621F770040036C28C /* AppDelegate.m */; };
		E8072D6A21F770040036C28C /* ViewController.m in Sources */ = {isa = PBXBuildFile; fileRef = E8072D6921F770040036C28C /* ViewController.m */; };
		E8072D6D21F770040036C28C /* Main.storyboard in Resources */ = {isa = PBXBuildFile; fileRef = E8072D6B21F770040036C28C /* Main.storyboard */; };
		E8072D6F21F770050036C28C /* Assets.xcassets in Resources */ = {isa = PBXBuildFile; fileRef = E8072D6E21F770050036C28C /* Assets.xcassets */; };
		E8072D7221F770050036C28C /* LaunchScreen.storyboard in Resources */ = {isa = PBXBuildFile; fileRef = E8072D7021F770050036C28C /* LaunchScreen.storyboard */; };
		E8072D7521F770050036C28C /* main.m in Sources */ = {isa = PBXBuildFile; fileRef = E8072D7421F770050036C28C /* main.m */; };
		E8072D8021F784E90036C28C /* GKFSResponseRoot.m in Sources */ = {isa = PBXBuildFile; fileRef = E8072D7F21F784E90036C28C /* GKFSResponseRoot.m */; };
		E8072D8321F785C00036C28C /* GKResponse.m in Sources */ = {isa = PBXBuildFile; fileRef = E8072D8221F785C00036C28C /* GKResponse.m */; };
		E8072D8621F785E40036C28C /* GKVenue.m in Sources */ = {isa = PBXBuildFile; fileRef = E8072D8521F785E40036C28C /* GKVenue.m */; };
		E8072D8921F7860D0036C28C /* GKLocation.m in Sources */ = {isa = PBXBuildFile; fileRef = E8072D8821F7860D0036C28C /* GKLocation.m */; };
		E8072D8D21F7893D0036C28C /* Utils.m in Sources */ = {isa = PBXBuildFile; fileRef = E8072D8C21F7893D0036C28C /* Utils.m */; };
		E8072D9221F78E380036C28C /* Test.json in Resources */ = {isa = PBXBuildFile; fileRef = E8072D9121F78E380036C28C /* Test.json */; };
		E8072D9421F790C30036C28C /* Test2.json in Resources */ = {isa = PBXBuildFile; fileRef = E8072D9321F790C30036C28C /* Test2.json */; };
		E8072D9621F7AC0D0036C28C /* Podfile in Resources */ = {isa = PBXBuildFile; fileRef = E8072D9521F7AC0D0036C28C /* Podfile */; };
		E8FBB66221F7B2AA00F0BAF7 /* FSService.m in Sources */ = {isa = PBXBuildFile; fileRef = E8FBB66121F7B2AA00F0BAF7 /* FSService.m */; };
		E92E77A7BD751B388857236C /* libPods-aChallenger.a in Frameworks */ = {isa = PBXBuildFile; fileRef = E2ABD226012E052AC014D7B8 /* libPods-aChallenger.a */; };
/* End PBXBuildFile section */

/* Begin PBXFileReference section */
		7633D84021F8762600EB9803 /* NetworkManager.h */ = {isa = PBXFileReference; lastKnownFileType = sourcecode.c.h; path = NetworkManager.h; sourceTree = "<group>"; };
		7633D84121F8762600EB9803 /* NetworkManager.m */ = {isa = PBXFileReference; lastKnownFileType = sourcecode.c.objc; path = NetworkManager.m; sourceTree = "<group>"; };
		92FCE16AF1D26F66D167DAEE /* Pods-aChallenger.release.xcconfig */ = {isa = PBXFileReference; includeInIndex = 1; lastKnownFileType = text.xcconfig; name = "Pods-aChallenger.release.xcconfig"; path = "Pods/Target Support Files/Pods-aChallenger/Pods-aChallenger.release.xcconfig"; sourceTree = "<group>"; };
		E2ABD226012E052AC014D7B8 /* libPods-aChallenger.a */ = {isa = PBXFileReference; explicitFileType = archive.ar; includeInIndex = 0; path = "libPods-aChallenger.a"; sourceTree = BUILT_PRODUCTS_DIR; };
		E703E1588F393577B2C917B5 /* Pods-aChallenger.debug.xcconfig */ = {isa = PBXFileReference; includeInIndex = 1; lastKnownFileType = text.xcconfig; name = "Pods-aChallenger.debug.xcconfig"; path = "Pods/Target Support Files/Pods-aChallenger/Pods-aChallenger.debug.xcconfig"; sourceTree = "<group>"; };
		E8072D6221F770040036C28C /* aChallenger.app */ = {isa = PBXFileReference; explicitFileType = wrapper.application; includeInIndex = 0; path = aChallenger.app; sourceTree = BUILT_PRODUCTS_DIR; };
		E8072D6521F770040036C28C /* AppDelegate.h */ = {isa = PBXFileReference; lastKnownFileType = sourcecode.c.h; path = AppDelegate.h; sourceTree = "<group>"; };
		E8072D6621F770040036C28C /* AppDelegate.m */ = {isa = PBXFileReference; lastKnownFileType = sourcecode.c.objc; path = AppDelegate.m; sourceTree = "<group>"; };
		E8072D6821F770040036C28C /* ViewController.h */ = {isa = PBXFileReference; lastKnownFileType = sourcecode.c.h; path = ViewController.h; sourceTree = "<group>"; };
		E8072D6921F770040036C28C /* ViewController.m */ = {isa = PBXFileReference; lastKnownFileType = sourcecode.c.objc; path = ViewController.m; sourceTree = "<group>"; };
		E8072D6C21F770040036C28C /* Base */ = {isa = PBXFileReference; lastKnownFileType = file.storyboard; name = Base; path = Base.lproj/Main.storyboard; sourceTree = "<group>"; };
		E8072D6E21F770050036C28C /* Assets.xcassets */ = {isa = PBXFileReference; lastKnownFileType = folder.assetcatalog; path = Assets.xcassets; sourceTree = "<group>"; };
		E8072D7121F770050036C28C /* Base */ = {isa = PBXFileReference; lastKnownFileType = file.storyboard; name = Base; path = Base.lproj/LaunchScreen.storyboard; sourceTree = "<group>"; };
		E8072D7321F770050036C28C /* Info.plist */ = {isa = PBXFileReference; lastKnownFileType = text.plist.xml; path = Info.plist; sourceTree = "<group>"; };
		E8072D7421F770050036C28C /* main.m */ = {isa = PBXFileReference; lastKnownFileType = sourcecode.c.objc; path = main.m; sourceTree = "<group>"; };
		E8072D7E21F784E90036C28C /* GKFSResponseRoot.h */ = {isa = PBXFileReference; lastKnownFileType = sourcecode.c.h; path = GKFSResponseRoot.h; sourceTree = "<group>"; };
		E8072D7F21F784E90036C28C /* GKFSResponseRoot.m */ = {isa = PBXFileReference; lastKnownFileType = sourcecode.c.objc; path = GKFSResponseRoot.m; sourceTree = "<group>"; };
		E8072D8121F785C00036C28C /* GKResponse.h */ = {isa = PBXFileReference; lastKnownFileType = sourcecode.c.h; path = GKResponse.h; sourceTree = "<group>"; };
		E8072D8221F785C00036C28C /* GKResponse.m */ = {isa = PBXFileReference; lastKnownFileType = sourcecode.c.objc; path = GKResponse.m; sourceTree = "<group>"; };
		E8072D8421F785E40036C28C /* GKVenue.h */ = {isa = PBXFileReference; lastKnownFileType = sourcecode.c.h; path = GKVenue.h; sourceTree = "<group>"; };
		E8072D8521F785E40036C28C /* GKVenue.m */ = {isa = PBXFileReference; lastKnownFileType = sourcecode.c.objc; path = GKVenue.m; sourceTree = "<group>"; };
		E8072D8721F7860D0036C28C /* GKLocation.h */ = {isa = PBXFileReference; lastKnownFileType = sourcecode.c.h; path = GKLocation.h; sourceTree = "<group>"; };
		E8072D8821F7860D0036C28C /* GKLocation.m */ = {isa = PBXFileReference; lastKnownFileType = sourcecode.c.objc; path = GKLocation.m; sourceTree = "<group>"; };
		E8072D8B21F7893D0036C28C /* Utils.h */ = {isa = PBXFileReference; lastKnownFileType = sourcecode.c.h; path = Utils.h; sourceTree = "<group>"; };
		E8072D8C21F7893D0036C28C /* Utils.m */ = {isa = PBXFileReference; lastKnownFileType = sourcecode.c.objc; path = Utils.m; sourceTree = "<group>"; };
		E8072D9121F78E380036C28C /* Test.json */ = {isa = PBXFileReference; fileEncoding = 4; lastKnownFileType = text.json; path = Test.json; sourceTree = "<group>"; };
		E8072D9321F790C30036C28C /* Test2.json */ = {isa = PBXFileReference; fileEncoding = 4; lastKnownFileType = text.json; path = Test2.json; sourceTree = "<group>"; };
		E8072D9521F7AC0D0036C28C /* Podfile */ = {isa = PBXFileReference; lastKnownFileType = text; path = Podfile; sourceTree = "<group>"; };
		E8FBB66021F7B2AA00F0BAF7 /* FSService.h */ = {isa = PBXFileReference; lastKnownFileType = sourcecode.c.h; path = FSService.h; sourceTree = "<group>"; };
		E8FBB66121F7B2AA00F0BAF7 /* FSService.m */ = {isa = PBXFileReference; lastKnownFileType = sourcecode.c.objc; path = FSService.m; sourceTree = "<group>"; };
/* End PBXFileReference section */

/* Begin PBXFrameworksBuildPhase section */
		E8072D5F21F770040036C28C /* Frameworks */ = {
			isa = PBXFrameworksBuildPhase;
			buildActionMask = 2147483647;
			files = (
				E92E77A7BD751B388857236C /* libPods-aChallenger.a in Frameworks */,
			);
			runOnlyForDeploymentPostprocessing = 0;
		};
/* End PBXFrameworksBuildPhase section */

/* Begin PBXGroup section */
		51A5223983D0DA5B0577227A /* Pods */ = {
			isa = PBXGroup;
			children = (
				E703E1588F393577B2C917B5 /* Pods-aChallenger.debug.xcconfig */,
				92FCE16AF1D26F66D167DAEE /* Pods-aChallenger.release.xcconfig */,
			);
			name = Pods;
			sourceTree = "<group>";
		};
		7D75D1A923306FAE5FDE1CF0 /* Frameworks */ = {
			isa = PBXGroup;
			children = (
				E2ABD226012E052AC014D7B8 /* libPods-aChallenger.a */,
			);
			name = Frameworks;
			sourceTree = "<group>";
		};
		E8072D5921F770040036C28C = {
			isa = PBXGroup;
			children = (
				E8072D9521F7AC0D0036C28C /* Podfile */,
				E8072D6421F770040036C28C /* aChallenger */,
				E8072D6321F770040036C28C /* Products */,
				51A5223983D0DA5B0577227A /* Pods */,
				7D75D1A923306FAE5FDE1CF0 /* Frameworks */,
			);
			sourceTree = "<group>";
		};
		E8072D6321F770040036C28C /* Products */ = {
			isa = PBXGroup;
			children = (
				E8072D6221F770040036C28C /* aChallenger.app */,
			);
			name = Products;
			sourceTree = "<group>";
		};
		E8072D6421F770040036C28C /* aChallenger */ = {
			isa = PBXGroup;
			children = (
				E82BCDCC21F7ACF6003CDE3C /* ViewModels */,
				E82BCDCB21F7ACE9003CDE3C /* Views */,
				E82BCDCA21F7ACDA003CDE3C /* Api */,
				E8072D8A21F789170036C28C /* Utils */,
				E8072D7D21F784BA0036C28C /* Models */,
				E8072D6521F770040036C28C /* AppDelegate.h */,
				E8072D6621F770040036C28C /* AppDelegate.m */,
				E8072D6821F770040036C28C /* ViewController.h */,
				E8072D6921F770040036C28C /* ViewController.m */,
				E8072D6B21F770040036C28C /* Main.storyboard */,
				E8072D6E21F770050036C28C /* Assets.xcassets */,
				E8072D7021F770050036C28C /* LaunchScreen.storyboard */,
				E8072D7321F770050036C28C /* Info.plist */,
				E8072D7421F770050036C28C /* main.m */,
				E8072D9121F78E380036C28C /* Test.json */,
				E8072D9321F790C30036C28C /* Test2.json */,
			);
			path = aChallenger;
			sourceTree = "<group>";
		};
		E8072D7D21F784BA0036C28C /* Models */ = {
			isa = PBXGroup;
			children = (
				E8072D7E21F784E90036C28C /* GKFSResponseRoot.h */,
				E8072D7F21F784E90036C28C /* GKFSResponseRoot.m */,
				E8072D8121F785C00036C28C /* GKResponse.h */,
				E8072D8221F785C00036C28C /* GKResponse.m */,
				E8072D8421F785E40036C28C /* GKVenue.h */,
				E8072D8521F785E40036C28C /* GKVenue.m */,
				E8072D8721F7860D0036C28C /* GKLocation.h */,
				E8072D8821F7860D0036C28C /* GKLocation.m */,
			);
			path = Models;
			sourceTree = "<group>";
		};
		E8072D8A21F789170036C28C /* Utils */ = {
			isa = PBXGroup;
			children = (
				E8072D8B21F7893D0036C28C /* Utils.h */,
				E8072D8C21F7893D0036C28C /* Utils.m */,
				7633D84021F8762600EB9803 /* NetworkManager.h */,
				7633D84121F8762600EB9803 /* NetworkManager.m */,
			);
			path = Utils;
			sourceTree = "<group>";
		};
		E82BCDCA21F7ACDA003CDE3C /* Api */ = {
			isa = PBXGroup;
			children = (
				E8FBB66021F7B2AA00F0BAF7 /* FSService.h */,
				E8FBB66121F7B2AA00F0BAF7 /* FSService.m */,
			);
			path = Api;
			sourceTree = "<group>";
		};
		E82BCDCB21F7ACE9003CDE3C /* Views */ = {
			isa = PBXGroup;
			children = (
			);
			path = Views;
			sourceTree = "<group>";
		};
		E82BCDCC21F7ACF6003CDE3C /* ViewModels */ = {
			isa = PBXGroup;
			children = (
			);
			path = ViewModels;
			sourceTree = "<group>";
		};
/* End PBXGroup section */

/* Begin PBXNativeTarget section */
		E8072D6121F770040036C28C /* aChallenger */ = {
			isa = PBXNativeTarget;
			buildConfigurationList = E8072D7821F770050036C28C /* Build configuration list for PBXNativeTarget "aChallenger" */;
			buildPhases = (
				0CBDC9AD68C0595EDF235793 /* [CP] Check Pods Manifest.lock */,
				E8072D5E21F770040036C28C /* Sources */,
				E8072D5F21F770040036C28C /* Frameworks */,
				E8072D6021F770040036C28C /* Resources */,
			);
			buildRules = (
			);
			dependencies = (
			);
			name = aChallenger;
			productName = aChallenger;
			productReference = E8072D6221F770040036C28C /* aChallenger.app */;
			productType = "com.apple.product-type.application";
		};
/* End PBXNativeTarget section */

/* Begin PBXProject section */
		E8072D5A21F770040036C28C /* Project object */ = {
			isa = PBXProject;
			attributes = {
				LastUpgradeCheck = 1010;
				ORGANIZATIONNAME = gkoca;
				TargetAttributes = {
					E8072D6121F770040036C28C = {
						CreatedOnToolsVersion = 10.1;
					};
				};
			};
			buildConfigurationList = E8072D5D21F770040036C28C /* Build configuration list for PBXProject "aChallenger" */;
			compatibilityVersion = "Xcode 9.3";
			developmentRegion = en;
			hasScannedForEncodings = 0;
			knownRegions = (
				en,
				Base,
			);
			mainGroup = E8072D5921F770040036C28C;
			productRefGroup = E8072D6321F770040036C28C /* Products */;
			projectDirPath = "";
			projectRoot = "";
			targets = (
				E8072D6121F770040036C28C /* aChallenger */,
			);
		};
/* End PBXProject section */

/* Begin PBXResourcesBuildPhase section */
		E8072D6021F770040036C28C /* Resources */ = {
			isa = PBXResourcesBuildPhase;
			buildActionMask = 2147483647;
			files = (
				E8072D9621F7AC0D0036C28C /* Podfile in Resources */,
				E8072D7221F770050036C28C /* LaunchScreen.storyboard in Resources */,
				E8072D9221F78E380036C28C /* Test.json in Resources */,
				E8072D9421F790C30036C28C /* Test2.json in Resources */,
				E8072D6F21F770050036C28C /* Assets.xcassets in Resources */,
				E8072D6D21F770040036C28C /* Main.storyboard in Resources */,
			);
			runOnlyForDeploymentPostprocessing = 0;
		};
/* End PBXResourcesBuildPhase section */

/* Begin PBXShellScriptBuildPhase section */
		0CBDC9AD68C0595EDF235793 /* [CP] Check Pods Manifest.lock */ = {
			isa = PBXShellScriptBuildPhase;
			buildActionMask = 2147483647;
			files = (
			);
			inputFileListPaths = (
			);
			inputPaths = (
				"${PODS_PODFILE_DIR_PATH}/Podfile.lock",
				"${PODS_ROOT}/Manifest.lock",
			);
			name = "[CP] Check Pods Manifest.lock";
			outputFileListPaths = (
			);
			outputPaths = (
				"$(DERIVED_FILE_DIR)/Pods-aChallenger-checkManifestLockResult.txt",
			);
			runOnlyForDeploymentPostprocessing = 0;
			shellPath = /bin/sh;
			shellScript = "diff \"${PODS_PODFILE_DIR_PATH}/Podfile.lock\" \"${PODS_ROOT}/Manifest.lock\" > /dev/null\nif [ $? != 0 ] ; then\n    # print error to STDERR\n    echo \"error: The sandbox is not in sync with the Podfile.lock. Run 'pod install' or update your CocoaPods installation.\" >&2\n    exit 1\nfi\n# This output is used by Xcode 'outputs' to avoid re-running this script phase.\necho \"SUCCESS\" > \"${SCRIPT_OUTPUT_FILE_0}\"\n";
			showEnvVarsInLog = 0;
		};
/* End PBXShellScriptBuildPhase section */

/* Begin PBXSourcesBuildPhase section */
		E8072D5E21F770040036C28C /* Sources */ = {
			isa = PBXSourcesBuildPhase;
			buildActionMask = 2147483647;
			files = (
				E8072D8D21F7893D0036C28C /* Utils.m in Sources */,
				E8072D8321F785C00036C28C /* GKResponse.m in Sources */,
				E8072D6A21F770040036C28C /* ViewController.m in Sources */,
				E8072D8921F7860D0036C28C /* GKLocation.m in Sources */,
				E8FBB66221F7B2AA00F0BAF7 /* FSService.m in Sources */,
				E8072D7521F770050036C28C /* main.m in Sources */,
				E8072D8621F785E40036C28C /* GKVenue.m in Sources */,
				E8072D8021F784E90036C28C /* GKFSResponseRoot.m in Sources */,
				7633D84221F8762600EB9803 /* NetworkManager.m in Sources */,
				E8072D6721F770040036C28C /* AppDelegate.m in Sources */,
			);
			runOnlyForDeploymentPostprocessing = 0;
		};
/* End PBXSourcesBuildPhase section */

/* Begin PBXVariantGroup section */
		E8072D6B21F770040036C28C /* Main.storyboard */ = {
			isa = PBXVariantGroup;
			children = (
				E8072D6C21F770040036C28C /* Base */,
			);
			name = Main.storyboard;
			sourceTree = "<group>";
		};
		E8072D7021F770050036C28C /* LaunchScreen.storyboard */ = {
			isa = PBXVariantGroup;
			children = (
				E8072D7121F770050036C28C /* Base */,
			);
			name = LaunchScreen.storyboard;
			sourceTree = "<group>";
		};
/* End PBXVariantGroup section */

/* Begin XCBuildConfiguration section */
		E8072D7621F770050036C28C /* Debug */ = {
			isa = XCBuildConfiguration;
			buildSettings = {
				ALWAYS_SEARCH_USER_PATHS = NO;
				CLANG_ANALYZER_NONNULL = YES;
				CLANG_ANALYZER_NUMBER_OBJECT_CONVERSION = YES_AGGRESSIVE;
				CLANG_CXX_LANGUAGE_STANDARD = "gnu++14";
				CLANG_CXX_LIBRARY = "libc++";
				CLANG_ENABLE_MODULES = YES;
				CLANG_ENABLE_OBJC_ARC = YES;
				CLANG_ENABLE_OBJC_WEAK = YES;
				CLANG_WARN_BLOCK_CAPTURE_AUTORELEASING = YES;
				CLANG_WARN_BOOL_CONVERSION = YES;
				CLANG_WARN_COMMA = YES;
				CLANG_WARN_CONSTANT_CONVERSION = YES;
				CLANG_WARN_DEPRECATED_OBJC_IMPLEMENTATIONS = YES;
				CLANG_WARN_DIRECT_OBJC_ISA_USAGE = YES_ERROR;
				CLANG_WARN_DOCUMENTATION_COMMENTS = YES;
				CLANG_WARN_EMPTY_BODY = YES;
				CLANG_WARN_ENUM_CONVERSION = YES;
				CLANG_WARN_INFINITE_RECURSION = YES;
				CLANG_WARN_INT_CONVERSION = YES;
				CLANG_WARN_NON_LITERAL_NULL_CONVERSION = YES;
				CLANG_WARN_OBJC_IMPLICIT_RETAIN_SELF = YES;
				CLANG_WARN_OBJC_LITERAL_CONVERSION = YES;
				CLANG_WARN_OBJC_ROOT_CLASS = YES_ERROR;
				CLANG_WARN_RANGE_LOOP_ANALYSIS = YES;
				CLANG_WARN_STRICT_PROTOTYPES = YES;
				CLANG_WARN_SUSPICIOUS_MOVE = YES;
				CLANG_WARN_UNGUARDED_AVAILABILITY = YES_AGGRESSIVE;
				CLANG_WARN_UNREACHABLE_CODE = YES;
				CLANG_WARN__DUPLICATE_METHOD_MATCH = YES;
				CODE_SIGN_IDENTITY = "iPhone Developer";
				COPY_PHASE_STRIP = NO;
				DEBUG_INFORMATION_FORMAT = dwarf;
				ENABLE_STRICT_OBJC_MSGSEND = YES;
				ENABLE_TESTABILITY = YES;
				GCC_C_LANGUAGE_STANDARD = gnu11;
				GCC_DYNAMIC_NO_PIC = NO;
				GCC_NO_COMMON_BLOCKS = YES;
				GCC_OPTIMIZATION_LEVEL = 0;
				GCC_PREPROCESSOR_DEFINITIONS = (
					"DEBUG=1",
					"$(inherited)",
				);
				GCC_WARN_64_TO_32_BIT_CONVERSION = YES;
				GCC_WARN_ABOUT_RETURN_TYPE = YES_ERROR;
				GCC_WARN_UNDECLARED_SELECTOR = YES;
				GCC_WARN_UNINITIALIZED_AUTOS = YES_AGGRESSIVE;
				GCC_WARN_UNUSED_FUNCTION = YES;
				GCC_WARN_UNUSED_VARIABLE = YES;
				IPHONEOS_DEPLOYMENT_TARGET = 12.1;
				MTL_ENABLE_DEBUG_INFO = INCLUDE_SOURCE;
				MTL_FAST_MATH = YES;
				ONLY_ACTIVE_ARCH = YES;
				SDKROOT = iphoneos;
			};
			name = Debug;
		};
		E8072D7721F770050036C28C /* Release */ = {
			isa = XCBuildConfiguration;
			buildSettings = {
				ALWAYS_SEARCH_USER_PATHS = NO;
				CLANG_ANALYZER_NONNULL = YES;
				CLANG_ANALYZER_NUMBER_OBJECT_CONVERSION = YES_AGGRESSIVE;
				CLANG_CXX_LANGUAGE_STANDARD = "gnu++14";
				CLANG_CXX_LIBRARY = "libc++";
				CLANG_ENABLE_MODULES = YES;
				CLANG_ENABLE_OBJC_ARC = YES;
				CLANG_ENABLE_OBJC_WEAK = YES;
				CLANG_WARN_BLOCK_CAPTURE_AUTORELEASING = YES;
				CLANG_WARN_BOOL_CONVERSION = YES;
				CLANG_WARN_COMMA = YES;
				CLANG_WARN_CONSTANT_CONVERSION = YES;
				CLANG_WARN_DEPRECATED_OBJC_IMPLEMENTATIONS = YES;
				CLANG_WARN_DIRECT_OBJC_ISA_USAGE = YES_ERROR;
				CLANG_WARN_DOCUMENTATION_COMMENTS = YES;
				CLANG_WARN_EMPTY_BODY = YES;
				CLANG_WARN_ENUM_CONVERSION = YES;
				CLANG_WARN_INFINITE_RECURSION = YES;
				CLANG_WARN_INT_CONVERSION = YES;
				CLANG_WARN_NON_LITERAL_NULL_CONVERSION = YES;
				CLANG_WARN_OBJC_IMPLICIT_RETAIN_SELF = YES;
				CLANG_WARN_OBJC_LITERAL_CONVERSION = YES;
				CLANG_WARN_OBJC_ROOT_CLASS = YES_ERROR;
				CLANG_WARN_RANGE_LOOP_ANALYSIS = YES;
				CLANG_WARN_STRICT_PROTOTYPES = YES;
				CLANG_WARN_SUSPICIOUS_MOVE = YES;
				CLANG_WARN_UNGUARDED_AVAILABILITY = YES_AGGRESSIVE;
				CLANG_WARN_UNREACHABLE_CODE = YES;
				CLANG_WARN__DUPLICATE_METHOD_MATCH = YES;
				CODE_SIGN_IDENTITY = "iPhone Developer";
				COPY_PHASE_STRIP = NO;
				DEBUG_INFORMATION_FORMAT = "dwarf-with-dsym";
				ENABLE_NS_ASSERTIONS = NO;
				ENABLE_STRICT_OBJC_MSGSEND = YES;
				GCC_C_LANGUAGE_STANDARD = gnu11;
				GCC_NO_COMMON_BLOCKS = YES;
				GCC_WARN_64_TO_32_BIT_CONVERSION = YES;
				GCC_WARN_ABOUT_RETURN_TYPE = YES_ERROR;
				GCC_WARN_UNDECLARED_SELECTOR = YES;
				GCC_WARN_UNINITIALIZED_AUTOS = YES_AGGRESSIVE;
				GCC_WARN_UNUSED_FUNCTION = YES;
				GCC_WARN_UNUSED_VARIABLE = YES;
				IPHONEOS_DEPLOYMENT_TARGET = 12.1;
				MTL_ENABLE_DEBUG_INFO = NO;
				MTL_FAST_MATH = YES;
				SDKROOT = iphoneos;
				VALIDATE_PRODUCT = YES;
			};
			name = Release;
		};
		E8072D7921F770050036C28C /* Debug */ = {
			isa = XCBuildConfiguration;
			baseConfigurationReference = E703E1588F393577B2C917B5 /* Pods-aChallenger.debug.xcconfig */;
			buildSettings = {
				ASSETCATALOG_COMPILER_APPICON_NAME = AppIcon;
				CODE_SIGN_STYLE = Automatic;
				DEVELOPMENT_TEAM = K35J6EG8VZ;
				INFOPLIST_FILE = aChallenger/Info.plist;
				IPHONEOS_DEPLOYMENT_TARGET = 8.0;
				LD_RUNPATH_SEARCH_PATHS = (
					"$(inherited)",
					"@executable_path/Frameworks",
				);
				PRODUCT_BUNDLE_IDENTIFIER = works.gkoca.aChallenger;
				PRODUCT_NAME = "$(TARGET_NAME)";
				TARGETED_DEVICE_FAMILY = "1,2";
			};
			name = Debug;
		};
		E8072D7A21F770050036C28C /* Release */ = {
			isa = XCBuildConfiguration;
			baseConfigurationReference = 92FCE16AF1D26F66D167DAEE /* Pods-aChallenger.release.xcconfig */;
			buildSettings = {
				ASSETCATALOG_COMPILER_APPICON_NAME = AppIcon;
				CODE_SIGN_STYLE = Automatic;
				DEVELOPMENT_TEAM = K35J6EG8VZ;
				INFOPLIST_FILE = aChallenger/Info.plist;
				IPHONEOS_DEPLOYMENT_TARGET = 8.0;
				LD_RUNPATH_SEARCH_PATHS = (
					"$(inherited)",
					"@executable_path/Frameworks",
				);
				PRODUCT_BUNDLE_IDENTIFIER = works.gkoca.aChallenger;
				PRODUCT_NAME = "$(TARGET_NAME)";
				TARGETED_DEVICE_FAMILY = "1,2";
			};
			name = Release;
		};
/* End XCBuildConfiguration section */

/* Begin XCConfigurationList section */
		E8072D5D21F770040036C28C /* Build configuration list for PBXProject "aChallenger" */ = {
			isa = XCConfigurationList;
			buildConfigurations = (
				E8072D7621F770050036C28C /* Debug */,
				E8072D7721F770050036C28C /* Release */,
			);
			defaultConfigurationIsVisible = 0;
			defaultConfigurationName = Release;
		};
		E8072D7821F770050036C28C /* Build configuration list for PBXNativeTarget "aChallenger" */ = {
			isa = XCConfigurationList;
			buildConfigurations = (
				E8072D7921F770050036C28C /* Debug */,
				E8072D7A21F770050036C28C /* Release */,
			);
			defaultConfigurationIsVisible = 0;
			defaultConfigurationName = Release;
		};
/* End XCConfigurationList section */
	};
	rootObject = E8072D5A21F770040036C28C /* Project object */;
}
